
Microsoft Visual Studio Solution File, Format Version 12.00
# Visual Studio Version 16
VisualStudioVersion = 25.0.1700.0
MinimumVisualStudioVersion = 10.0.40219.1
Project("{FAE04EC0-301F-11D3-BF4B-00C04F79EFBC}") = "Expense-Tracker", "Expense-Tracker\Expense-Tracker.csproj", "{A91B1DA6-F914-45A9-BEBA-0EEA4295B5BB}"
EndProject
Global
	GlobalSection(SolutionConfigurationPlatforms) = preSolution
		Debug|Any CPU = Debug|Any CPU
		Release|Any CPU = Release|Any CPU
	EndGlobalSection
	GlobalSection(ProjectConfigurationPlatforms) = postSolution
		{A91B1DA6-F914-45A9-BEBA-0EEA4295B5BB}.Debug|Any CPU.ActiveCfg = Debug|Any CPU
		{A91B1DA6-F914-45A9-BEBA-0EEA4295B5BB}.Debug|Any CPU.Build.0 = Debug|Any CPU
		{A91B1DA6-F914-45A9-BEBA-0EEA4295B5BB}.Release|Any CPU.ActiveCfg = Release|Any CPU
		{A91B1DA6-F914-45A9-BEBA-0EEA4295B5BB}.Release|Any CPU.Build.0 = Release|Any CPU
	EndGlobalSection
	GlobalSection(SolutionProperties) = preSolution
		HideSolutionNode = FALSE
	EndGlobalSection
	GlobalSection(ExtensibilityGlobals) = postSolution
		SolutionGuid = {BCDBF0AD-AF73-4EDE-B27F-B3E7CFD55899}
	EndGlobalSection
EndGlobal
